// !$*UTF8*$!
{
	archiveVersion = 1;
	classes = {
	};
	objectVersion = 55;
	objects = {

/* Begin PBXBuildFile section */
		4250637F286ADF7500AFF522 /* MKMapView.swift in Sources */ = {isa = PBXBuildFile; fileRef = 4250637E286ADF7500AFF522 /* MKMapView.swift */; };
		42935CA1285470B000C4234B /* AppDelegate.swift in Sources */ = {isa = PBXBuildFile; fileRef = 42935CA0285470B000C4234B /* AppDelegate.swift */; };
		42935CA3285470B000C4234B /* SceneDelegate.swift in Sources */ = {isa = PBXBuildFile; fileRef = 42935CA2285470B000C4234B /* SceneDelegate.swift */; };
		42935CA8285470B000C4234B /* Main.storyboard in Resources */ = {isa = PBXBuildFile; fileRef = 42935CA6285470B000C4234B /* Main.storyboard */; };
		42935CAA285470B400C4234B /* Assets.xcassets in Resources */ = {isa = PBXBuildFile; fileRef = 42935CA9285470B400C4234B /* Assets.xcassets */; };
		42935CAD285470B400C4234B /* LaunchScreen.storyboard in Resources */ = {isa = PBXBuildFile; fileRef = 42935CAB285470B400C4234B /* LaunchScreen.storyboard */; };
		42943BF228547B30008C4AAC /* PrintExtensions.swift in Sources */ = {isa = PBXBuildFile; fileRef = 42943BF028547B30008C4AAC /* PrintExtensions.swift */; };
		42943BF328547B30008C4AAC /* Array.swift in Sources */ = {isa = PBXBuildFile; fileRef = 42943BF128547B30008C4AAC /* Array.swift */; };
		42943BF728547B8C008C4AAC /* CSVFileManager.swift in Sources */ = {isa = PBXBuildFile; fileRef = 42943BF628547B8C008C4AAC /* CSVFileManager.swift */; };
		42943BF928547C2B008C4AAC /* Hotspot.swift in Sources */ = {isa = PBXBuildFile; fileRef = 42943BF828547C2B008C4AAC /* Hotspot.swift */; };
		42943BFC28547ED5008C4AAC /* SwiftCSV in Frameworks */ = {isa = PBXBuildFile; productRef = 42943BFB28547ED5008C4AAC /* SwiftCSV */; };
		42943BFE2854803A008C4AAC /* hotspots.csv in Resources */ = {isa = PBXBuildFile; fileRef = 42943BFD2854803A008C4AAC /* hotspots.csv */; };
		42943C0128548606008C4AAC /* AppError.swift in Sources */ = {isa = PBXBuildFile; fileRef = 42943C0028548606008C4AAC /* AppError.swift */; };
		42943C05285495D1008C4AAC /* MapViewModel.swift in Sources */ = {isa = PBXBuildFile; fileRef = 42943C04285495D1008C4AAC /* MapViewModel.swift */; };
		42943C07285496D6008C4AAC /* MapViewController.swift in Sources */ = {isa = PBXBuildFile; fileRef = 42943C06285496D6008C4AAC /* MapViewController.swift */; };
		42943C0A28549943008C4AAC /* Storyboardable.swift in Sources */ = {isa = PBXBuildFile; fileRef = 42943C0928549943008C4AAC /* Storyboardable.swift */; };
		42943C0C28549961008C4AAC /* DataLoadable.swift in Sources */ = {isa = PBXBuildFile; fileRef = 42943C0B28549961008C4AAC /* DataLoadable.swift */; };
		42943C0E28549AD6008C4AAC /* AlertManager.swift in Sources */ = {isa = PBXBuildFile; fileRef = 42943C0D28549AD6008C4AAC /* AlertManager.swift */; };
		42943C112854BFBC008C4AAC /* MapKit.framework in Frameworks */ = {isa = PBXBuildFile; fileRef = 42943C102854BFBC008C4AAC /* MapKit.framework */; };
		42943C15285503B9008C4AAC /* ClusterAnnotationView.swift in Sources */ = {isa = PBXBuildFile; fileRef = 42943C14285503B9008C4AAC /* ClusterAnnotationView.swift */; };
/* End PBXBuildFile section */

/* Begin PBXFileReference section */
		4250637E286ADF7500AFF522 /* MKMapView.swift */ = {isa = PBXFileReference; lastKnownFileType = sourcecode.swift; path = MKMapView.swift; sourceTree = "<group>"; };
		42935C9D285470B000C4234B /* MapKitClasteringApp.app */ = {isa = PBXFileReference; explicitFileType = wrapper.application; includeInIndex = 0; path = MapKitClasteringApp.app; sourceTree = BUILT_PRODUCTS_DIR; };
		42935CA0285470B000C4234B /* AppDelegate.swift */ = {isa = PBXFileReference; lastKnownFileType = sourcecode.swift; path = AppDelegate.swift; sourceTree = "<group>"; };
		42935CA2285470B000C4234B /* SceneDelegate.swift */ = {isa = PBXFileReference; lastKnownFileType = sourcecode.swift; path = SceneDelegate.swift; sourceTree = "<group>"; };
		42935CA7285470B000C4234B /* Base */ = {isa = PBXFileReference; lastKnownFileType = file.storyboard; name = Base; path = Base.lproj/Main.storyboard; sourceTree = "<group>"; };
		42935CA9285470B400C4234B /* Assets.xcassets */ = {isa = PBXFileReference; lastKnownFileType = folder.assetcatalog; path = Assets.xcassets; sourceTree = "<group>"; };
		42935CAC285470B400C4234B /* Base */ = {isa = PBXFileReference; lastKnownFileType = file.storyboard; name = Base; path = Base.lproj/LaunchScreen.storyboard; sourceTree = "<group>"; };
		42935CAE285470B400C4234B /* Info.plist */ = {isa = PBXFileReference; lastKnownFileType = text.plist.xml; path = Info.plist; sourceTree = "<group>"; };
		42943BF028547B30008C4AAC /* PrintExtensions.swift */ = {isa = PBXFileReference; fileEncoding = 4; lastKnownFileType = sourcecode.swift; path = PrintExtensions.swift; sourceTree = "<group>"; };
		42943BF128547B30008C4AAC /* Array.swift */ = {isa = PBXFileReference; fileEncoding = 4; lastKnownFileType = sourcecode.swift; path = Array.swift; sourceTree = "<group>"; };
		42943BF628547B8C008C4AAC /* CSVFileManager.swift */ = {isa = PBXFileReference; lastKnownFileType = sourcecode.swift; path = CSVFileManager.swift; sourceTree = "<group>"; };
		42943BF828547C2B008C4AAC /* Hotspot.swift */ = {isa = PBXFileReference; lastKnownFileType = sourcecode.swift; path = Hotspot.swift; sourceTree = "<group>"; };
		42943BFD2854803A008C4AAC /* hotspots.csv */ = {isa = PBXFileReference; fileEncoding = 4; lastKnownFileType = text; path = hotspots.csv; sourceTree = "<group>"; };
		42943C0028548606008C4AAC /* AppError.swift */ = {isa = PBXFileReference; lastKnownFileType = sourcecode.swift; path = AppError.swift; sourceTree = "<group>"; };
		42943C04285495D1008C4AAC /* MapViewModel.swift */ = {isa = PBXFileReference; lastKnownFileType = sourcecode.swift; path = MapViewModel.swift; sourceTree = "<group>"; };
		42943C06285496D6008C4AAC /* MapViewController.swift */ = {isa = PBXFileReference; lastKnownFileType = sourcecode.swift; path = MapViewController.swift; sourceTree = "<group>"; };
		42943C0928549943008C4AAC /* Storyboardable.swift */ = {isa = PBXFileReference; fileEncoding = 4; lastKnownFileType = sourcecode.swift; path = Storyboardable.swift; sourceTree = "<group>"; };
		42943C0B28549961008C4AAC /* DataLoadable.swift */ = {isa = PBXFileReference; fileEncoding = 4; lastKnownFileType = sourcecode.swift; path = DataLoadable.swift; sourceTree = "<group>"; };
		42943C0D28549AD6008C4AAC /* AlertManager.swift */ = {isa = PBXFileReference; lastKnownFileType = sourcecode.swift; path = AlertManager.swift; sourceTree = "<group>"; };
		42943C102854BFBC008C4AAC /* MapKit.framework */ = {isa = PBXFileReference; lastKnownFileType = wrapper.framework; name = MapKit.framework; path = System/Library/Frameworks/MapKit.framework; sourceTree = SDKROOT; };
		42943C14285503B9008C4AAC /* ClusterAnnotationView.swift */ = {isa = PBXFileReference; lastKnownFileType = sourcecode.swift; path = ClusterAnnotationView.swift; sourceTree = "<group>"; };
/* End PBXFileReference section */

/* Begin PBXFrameworksBuildPhase section */
		42935C9A285470B000C4234B /* Frameworks */ = {
			isa = PBXFrameworksBuildPhase;
			buildActionMask = 2147483647;
			files = (
				42943C112854BFBC008C4AAC /* MapKit.framework in Frameworks */,
				42943BFC28547ED5008C4AAC /* SwiftCSV in Frameworks */,
			);
			runOnlyForDeploymentPostprocessing = 0;
		};
/* End PBXFrameworksBuildPhase section */

/* Begin PBXGroup section */
		42935C94285470B000C4234B = {
			isa = PBXGroup;
			children = (
				42935C9F285470B000C4234B /* MapKitClasteringApp */,
				42935C9E285470B000C4234B /* Products */,
				42943C0F2854BFBC008C4AAC /* Frameworks */,
			);
			sourceTree = "<group>";
		};
		42935C9E285470B000C4234B /* Products */ = {
			isa = PBXGroup;
			children = (
				42935C9D285470B000C4234B /* MapKitClasteringApp.app */,
			);
			name = Products;
			sourceTree = "<group>";
		};
		42935C9F285470B000C4234B /* MapKitClasteringApp */ = {
			isa = PBXGroup;
			children = (
				42935CB4285470BE00C4234B /* App */,
				42943BF428547B51008C4AAC /* Services */,
				42943C082854992E008C4AAC /* Protocols */,
				42935CB62854792F00C4234B /* Extensions */,
				42935CB82854795700C4234B /* Models */,
				42935CB52854792100C4234B /* Modules */,
				42935CBA2854796D00C4234B /* Storyboards */,
				42935CB92854796500C4234B /* Resources */,
			);
			path = MapKitClasteringApp;
			sourceTree = "<group>";
		};
		42935CB4285470BE00C4234B /* App */ = {
			isa = PBXGroup;
			children = (
				42935CA0285470B000C4234B /* AppDelegate.swift */,
				42935CA2285470B000C4234B /* SceneDelegate.swift */,
			);
			path = App;
			sourceTree = "<group>";
		};
		42935CB52854792100C4234B /* Modules */ = {
			isa = PBXGroup;
			children = (
				42943C02285495A7008C4AAC /* Map */,
			);
			path = Modules;
			sourceTree = "<group>";
		};
		42935CB62854792F00C4234B /* Extensions */ = {
			isa = PBXGroup;
			children = (
				42943BF128547B30008C4AAC /* Array.swift */,
				42943BF028547B30008C4AAC /* PrintExtensions.swift */,
				4250637E286ADF7500AFF522 /* MKMapView.swift */,
			);
			path = Extensions;
			sourceTree = "<group>";
		};
		42935CB82854795700C4234B /* Models */ = {
			isa = PBXGroup;
			children = (
				42943BF828547C2B008C4AAC /* Hotspot.swift */,
				42943C0028548606008C4AAC /* AppError.swift */,
			);
			path = Models;
			sourceTree = "<group>";
		};
		42935CB92854796500C4234B /* Resources */ = {
			isa = PBXGroup;
			children = (
				42943BFF28548040008C4AAC /* CSVFiles */,
				42935CA9285470B400C4234B /* Assets.xcassets */,
				42935CBB2854798900C4234B /* Plists */,
			);
			path = Resources;
			sourceTree = "<group>";
		};
		42935CBA2854796D00C4234B /* Storyboards */ = {
			isa = PBXGroup;
			children = (
				42935CA6285470B000C4234B /* Main.storyboard */,
				42935CAB285470B400C4234B /* LaunchScreen.storyboard */,
			);
			path = Storyboards;
			sourceTree = "<group>";
		};
		42935CBB2854798900C4234B /* Plists */ = {
			isa = PBXGroup;
			children = (
				42935CAE285470B400C4234B /* Info.plist */,
			);
			path = Plists;
			sourceTree = "<group>";
		};
		42943BF428547B51008C4AAC /* Services */ = {
			isa = PBXGroup;
			children = (
				42943BF628547B8C008C4AAC /* CSVFileManager.swift */,
				42943C0D28549AD6008C4AAC /* AlertManager.swift */,
			);
			path = Services;
			sourceTree = "<group>";
		};
		42943BFF28548040008C4AAC /* CSVFiles */ = {
			isa = PBXGroup;
			children = (
				42943BFD2854803A008C4AAC /* hotspots.csv */,
			);
			path = CSVFiles;
			sourceTree = "<group>";
		};
		42943C02285495A7008C4AAC /* Map */ = {
			isa = PBXGroup;
			children = (
				42943C06285496D6008C4AAC /* MapViewController.swift */,
				42943C132855038B008C4AAC /* ViewModels */,
				42943C122855037F008C4AAC /* CustomViews */,
			);
			path = Map;
			sourceTree = "<group>";
		};
		42943C082854992E008C4AAC /* Protocols */ = {
			isa = PBXGroup;
			children = (
				42943C0B28549961008C4AAC /* DataLoadable.swift */,
				42943C0928549943008C4AAC /* Storyboardable.swift */,
			);
			path = Protocols;
			sourceTree = "<group>";
		};
		42943C0F2854BFBC008C4AAC /* Frameworks */ = {
			isa = PBXGroup;
			children = (
				42943C102854BFBC008C4AAC /* MapKit.framework */,
			);
			name = Frameworks;
			sourceTree = "<group>";
		};
		42943C122855037F008C4AAC /* CustomViews */ = {
			isa = PBXGroup;
			children = (
				42943C14285503B9008C4AAC /* ClusterAnnotationView.swift */,
			);
			path = CustomViews;
			sourceTree = "<group>";
		};
		42943C132855038B008C4AAC /* ViewModels */ = {
			isa = PBXGroup;
			children = (
				42943C04285495D1008C4AAC /* MapViewModel.swift */,
			);
			path = ViewModels;
			sourceTree = "<group>";
		};
/* End PBXGroup section */

/* Begin PBXNativeTarget section */
		42935C9C285470B000C4234B /* MapKitClasteringApp */ = {
			isa = PBXNativeTarget;
			buildConfigurationList = 42935CB1285470B400C4234B /* Build configuration list for PBXNativeTarget "MapKitClasteringApp" */;
			buildPhases = (
				42935C99285470B000C4234B /* Sources */,
				42935C9A285470B000C4234B /* Frameworks */,
				42935C9B285470B000C4234B /* Resources */,
			);
			buildRules = (
			);
			dependencies = (
			);
			name = MapKitClasteringApp;
			packageProductDependencies = (
				42943BFB28547ED5008C4AAC /* SwiftCSV */,
			);
			productName = MapKitClasteringApp;
			productReference = 42935C9D285470B000C4234B /* MapKitClasteringApp.app */;
			productType = "com.apple.product-type.application";
		};
/* End PBXNativeTarget section */

/* Begin PBXProject section */
		42935C95285470B000C4234B /* Project object */ = {
			isa = PBXProject;
			attributes = {
				BuildIndependentTargetsInParallel = 1;
				LastSwiftUpdateCheck = 1340;
				LastUpgradeCheck = 1340;
				TargetAttributes = {
					42935C9C285470B000C4234B = {
						CreatedOnToolsVersion = 13.4.1;
					};
				};
			};
			buildConfigurationList = 42935C98285470B000C4234B /* Build configuration list for PBXProject "MapKitClasteringApp" */;
			compatibilityVersion = "Xcode 13.0";
			developmentRegion = en;
			hasScannedForEncodings = 0;
			knownRegions = (
				en,
				Base,
			);
			mainGroup = 42935C94285470B000C4234B;
			packageReferences = (
				42943BFA28547ED5008C4AAC /* XCRemoteSwiftPackageReference "SwiftCSV" */,
			);
			productRefGroup = 42935C9E285470B000C4234B /* Products */;
			projectDirPath = "";
			projectRoot = "";
			targets = (
				42935C9C285470B000C4234B /* MapKitClasteringApp */,
			);
		};
/* End PBXProject section */

/* Begin PBXResourcesBuildPhase section */
		42935C9B285470B000C4234B /* Resources */ = {
			isa = PBXResourcesBuildPhase;
			buildActionMask = 2147483647;
			files = (
				42935CAD285470B400C4234B /* LaunchScreen.storyboard in Resources */,
				42935CAA285470B400C4234B /* Assets.xcassets in Resources */,
				42943BFE2854803A008C4AAC /* hotspots.csv in Resources */,
				42935CA8285470B000C4234B /* Main.storyboard in Resources */,
			);
			runOnlyForDeploymentPostprocessing = 0;
		};
/* End PBXResourcesBuildPhase section */

/* Begin PBXSourcesBuildPhase section */
		42935C99285470B000C4234B /* Sources */ = {
			isa = PBXSourcesBuildPhase;
			buildActionMask = 2147483647;
			files = (
				42943C0A28549943008C4AAC /* Storyboardable.swift in Sources */,
				42943BF328547B30008C4AAC /* Array.swift in Sources */,
				42943BF228547B30008C4AAC /* PrintExtensions.swift in Sources */,
				42943C07285496D6008C4AAC /* MapViewController.swift in Sources */,
				42943C0E28549AD6008C4AAC /* AlertManager.swift in Sources */,
				42935CA1285470B000C4234B /* AppDelegate.swift in Sources */,
				42943C0128548606008C4AAC /* AppError.swift in Sources */,
				42943C0C28549961008C4AAC /* DataLoadable.swift in Sources */,
				42943C05285495D1008C4AAC /* MapViewModel.swift in Sources */,
				42943BF728547B8C008C4AAC /* CSVFileManager.swift in Sources */,
				42943BF928547C2B008C4AAC /* Hotspot.swift in Sources */,
				42935CA3285470B000C4234B /* SceneDelegate.swift in Sources */,
				42943C15285503B9008C4AAC /* ClusterAnnotationView.swift in Sources */,
				4250637F286ADF7500AFF522 /* MKMapView.swift in Sources */,
			);
			runOnlyForDeploymentPostprocessing = 0;
		};
/* End PBXSourcesBuildPhase section */

/* Begin PBXVariantGroup section */
		42935CA6285470B000C4234B /* Main.storyboard */ = {
			isa = PBXVariantGroup;
			children = (
				42935CA7285470B000C4234B /* Base */,
			);
			name = Main.storyboard;
			sourceTree = "<group>";
		};
		42935CAB285470B400C4234B /* LaunchScreen.storyboard */ = {
			isa = PBXVariantGroup;
			children = (
				42935CAC285470B400C4234B /* Base */,
			);
			name = LaunchScreen.storyboard;
			sourceTree = "<group>";
		};
/* End PBXVariantGroup section */

/* Begin XCBuildConfiguration section */
		42935CAF285470B400C4234B /* Debug */ = {
			isa = XCBuildConfiguration;
			buildSettings = {
				ALWAYS_SEARCH_USER_PATHS = NO;
				CLANG_ANALYZER_NONNULL = YES;
				CLANG_ANALYZER_NUMBER_OBJECT_CONVERSION = YES_AGGRESSIVE;
				CLANG_CXX_LANGUAGE_STANDARD = "gnu++17";
				CLANG_ENABLE_MODULES = YES;
				CLANG_ENABLE_OBJC_ARC = YES;
				CLANG_ENABLE_OBJC_WEAK = YES;
				CLANG_WARN_BLOCK_CAPTURE_AUTORELEASING = YES;
				CLANG_WARN_BOOL_CONVERSION = YES;
				CLANG_WARN_COMMA = YES;
				CLANG_WARN_CONSTANT_CONVERSION = YES;
				CLANG_WARN_DEPRECATED_OBJC_IMPLEMENTATIONS = YES;
				CLANG_WARN_DIRECT_OBJC_ISA_USAGE = YES_ERROR;
				CLANG_WARN_DOCUMENTATION_COMMENTS = YES;
				CLANG_WARN_EMPTY_BODY = YES;
				CLANG_WARN_ENUM_CONVERSION = YES;
				CLANG_WARN_INFINITE_RECURSION = YES;
				CLANG_WARN_INT_CONVERSION = YES;
				CLANG_WARN_NON_LITERAL_NULL_CONVERSION = YES;
				CLANG_WARN_OBJC_IMPLICIT_RETAIN_SELF = YES;
				CLANG_WARN_OBJC_LITERAL_CONVERSION = YES;
				CLANG_WARN_OBJC_ROOT_CLASS = YES_ERROR;
				CLANG_WARN_QUOTED_INCLUDE_IN_FRAMEWORK_HEADER = YES;
				CLANG_WARN_RANGE_LOOP_ANALYSIS = YES;
				CLANG_WARN_STRICT_PROTOTYPES = YES;
				CLANG_WARN_SUSPICIOUS_MOVE = YES;
				CLANG_WARN_UNGUARDED_AVAILABILITY = YES_AGGRESSIVE;
				CLANG_WARN_UNREACHABLE_CODE = YES;
				CLANG_WARN__DUPLICATE_METHOD_MATCH = YES;
				COPY_PHASE_STRIP = NO;
				DEBUG_INFORMATION_FORMAT = dwarf;
				ENABLE_STRICT_OBJC_MSGSEND = YES;
				ENABLE_TESTABILITY = YES;
				GCC_C_LANGUAGE_STANDARD = gnu11;
				GCC_DYNAMIC_NO_PIC = NO;
				GCC_NO_COMMON_BLOCKS = YES;
				GCC_OPTIMIZATION_LEVEL = 0;
				GCC_PREPROCESSOR_DEFINITIONS = (
					"DEBUG=1",
					"$(inherited)",
				);
				GCC_WARN_64_TO_32_BIT_CONVERSION = YES;
				GCC_WARN_ABOUT_RETURN_TYPE = YES_ERROR;
				GCC_WARN_UNDECLARED_SELECTOR = YES;
				GCC_WARN_UNINITIALIZED_AUTOS = YES_AGGRESSIVE;
				GCC_WARN_UNUSED_FUNCTION = YES;
				GCC_WARN_UNUSED_VARIABLE = YES;
				IPHONEOS_DEPLOYMENT_TARGET = 15.5;
				MTL_ENABLE_DEBUG_INFO = INCLUDE_SOURCE;
				MTL_FAST_MATH = YES;
				ONLY_ACTIVE_ARCH = YES;
				SDKROOT = iphoneos;
				SWIFT_ACTIVE_COMPILATION_CONDITIONS = DEBUG;
				SWIFT_OPTIMIZATION_LEVEL = "-Onone";
			};
			name = Debug;
		};
		42935CB0285470B400C4234B /* Release */ = {
			isa = XCBuildConfiguration;
			buildSettings = {
				ALWAYS_SEARCH_USER_PATHS = NO;
				CLANG_ANALYZER_NONNULL = YES;
				CLANG_ANALYZER_NUMBER_OBJECT_CONVERSION = YES_AGGRESSIVE;
				CLANG_CXX_LANGUAGE_STANDARD = "gnu++17";
				CLANG_ENABLE_MODULES = YES;
				CLANG_ENABLE_OBJC_ARC = YES;
				CLANG_ENABLE_OBJC_WEAK = YES;
				CLANG_WARN_BLOCK_CAPTURE_AUTORELEASING = YES;
				CLANG_WARN_BOOL_CONVERSION = YES;
				CLANG_WARN_COMMA = YES;
				CLANG_WARN_CONSTANT_CONVERSION = YES;
				CLANG_WARN_DEPRECATED_OBJC_IMPLEMENTATIONS = YES;
				CLANG_WARN_DIRECT_OBJC_ISA_USAGE = YES_ERROR;
				CLANG_WARN_DOCUMENTATION_COMMENTS = YES;
				CLANG_WARN_EMPTY_BODY = YES;
				CLANG_WARN_ENUM_CONVERSION = YES;
				CLANG_WARN_INFINITE_RECURSION = YES;
				CLANG_WARN_INT_CONVERSION = YES;
				CLANG_WARN_NON_LITERAL_NULL_CONVERSION = YES;
				CLANG_WARN_OBJC_IMPLICIT_RETAIN_SELF = YES;
				CLANG_WARN_OBJC_LITERAL_CONVERSION = YES;
				CLANG_WARN_OBJC_ROOT_CLASS = YES_ERROR;
				CLANG_WARN_QUOTED_INCLUDE_IN_FRAMEWORK_HEADER = YES;
				CLANG_WARN_RANGE_LOOP_ANALYSIS = YES;
				CLANG_WARN_STRICT_PROTOTYPES = YES;
				CLANG_WARN_SUSPICIOUS_MOVE = YES;
				CLANG_WARN_UNGUARDED_AVAILABILITY = YES_AGGRESSIVE;
				CLANG_WARN_UNREACHABLE_CODE = YES;
				CLANG_WARN__DUPLICATE_METHOD_MATCH = YES;
				COPY_PHASE_STRIP = NO;
				DEBUG_INFORMATION_FORMAT = "dwarf-with-dsym";
				ENABLE_NS_ASSERTIONS = NO;
				ENABLE_STRICT_OBJC_MSGSEND = YES;
				GCC_C_LANGUAGE_STANDARD = gnu11;
				GCC_NO_COMMON_BLOCKS = YES;
				GCC_WARN_64_TO_32_BIT_CONVERSION = YES;
				GCC_WARN_ABOUT_RETURN_TYPE = YES_ERROR;
				GCC_WARN_UNDECLARED_SELECTOR = YES;
				GCC_WARN_UNINITIALIZED_AUTOS = YES_AGGRESSIVE;
				GCC_WARN_UNUSED_FUNCTION = YES;
				GCC_WARN_UNUSED_VARIABLE = YES;
				IPHONEOS_DEPLOYMENT_TARGET = 15.5;
				MTL_ENABLE_DEBUG_INFO = NO;
				MTL_FAST_MATH = YES;
				SDKROOT = iphoneos;
				SWIFT_COMPILATION_MODE = wholemodule;
				SWIFT_OPTIMIZATION_LEVEL = "-O";
				VALIDATE_PRODUCT = YES;
			};
			name = Release;
		};
		42935CB2285470B400C4234B /* Debug */ = {
			isa = XCBuildConfiguration;
			buildSettings = {
				ASSETCATALOG_COMPILER_APPICON_NAME = AppIcon;
				ASSETCATALOG_COMPILER_GLOBAL_ACCENT_COLOR_NAME = AccentColor;
				CODE_SIGN_STYLE = Automatic;
				CURRENT_PROJECT_VERSION = 1;
				DEVELOPMENT_TEAM = UHJFHS6M7R;
				GENERATE_INFOPLIST_FILE = YES;
				INFOPLIST_FILE = "$(SRCROOT)/MapKitClasteringApp/Resources/Plists/Info.plist";
				INFOPLIST_KEY_UIApplicationSupportsIndirectInputEvents = YES;
				INFOPLIST_KEY_UILaunchStoryboardName = LaunchScreen;
				INFOPLIST_KEY_UISupportedInterfaceOrientations_iPad = "UIInterfaceOrientationPortrait UIInterfaceOrientationPortraitUpsideDown UIInterfaceOrientationLandscapeLeft UIInterfaceOrientationLandscapeRight";
				INFOPLIST_KEY_UISupportedInterfaceOrientations_iPhone = "UIInterfaceOrientationPortrait UIInterfaceOrientationLandscapeLeft UIInterfaceOrientationLandscapeRight";
				LD_RUNPATH_SEARCH_PATHS = (
					"$(inherited)",
					"@executable_path/Frameworks",
				);
				MARKETING_VERSION = 1.0;
				PRODUCT_BUNDLE_IDENTIFIER = com.rrybachenko.MapKitClasteringApp;
				PRODUCT_NAME = "$(TARGET_NAME)";
				SWIFT_EMIT_LOC_STRINGS = YES;
				SWIFT_VERSION = 5.0;
				TARGETED_DEVICE_FAMILY = "1,2";
			};
			name = Debug;
		};
		42935CB3285470B400C4234B /* Release */ = {
			isa = XCBuildConfiguration;
			buildSettings = {
				ASSETCATALOG_COMPILER_APPICON_NAME = AppIcon;
				ASSETCATALOG_COMPILER_GLOBAL_ACCENT_COLOR_NAME = AccentColor;
				CODE_SIGN_STYLE = Automatic;
				CURRENT_PROJECT_VERSION = 1;
				DEVELOPMENT_TEAM = UHJFHS6M7R;
				GENERATE_INFOPLIST_FILE = YES;
				INFOPLIST_FILE = "$(SRCROOT)/MapKitClasteringApp/Resources/Plists/Info.plist";
				INFOPLIST_KEY_UIApplicationSupportsIndirectInputEvents = YES;
				INFOPLIST_KEY_UILaunchStoryboardName = LaunchScreen;
				INFOPLIST_KEY_UISupportedInterfaceOrientations_iPad = "UIInterfaceOrientationPortrait UIInterfaceOrientationPortraitUpsideDown UIInterfaceOrientationLandscapeLeft UIInterfaceOrientationLandscapeRight";
				INFOPLIST_KEY_UISupportedInterfaceOrientations_iPhone = "UIInterfaceOrientationPortrait UIInterfaceOrientationLandscapeLeft UIInterfaceOrientationLandscapeRight";
				LD_RUNPATH_SEARCH_PATHS = (
					"$(inherited)",
					"@executable_path/Frameworks",
				);
				MARKETING_VERSION = 1.0;
				PRODUCT_BUNDLE_IDENTIFIER = com.rrybachenko.MapKitClasteringApp;
				PRODUCT_NAME = "$(TARGET_NAME)";
				SWIFT_EMIT_LOC_STRINGS = YES;
				SWIFT_VERSION = 5.0;
				TARGETED_DEVICE_FAMILY = "1,2";
			};
			name = Release;
		};
/* End XCBuildConfiguration section */

/* Begin XCConfigurationList section */
		42935C98285470B000C4234B /* Build configuration list for PBXProject "MapKitClasteringApp" */ = {
			isa = XCConfigurationList;
			buildConfigurations = (
				42935CAF285470B400C4234B /* Debug */,
				42935CB0285470B400C4234B /* Release */,
			);
			defaultConfigurationIsVisible = 0;
			defaultConfigurationName = Release;
		};
		42935CB1285470B400C4234B /* Build configuration list for PBXNativeTarget "MapKitClasteringApp" */ = {
			isa = XCConfigurationList;
			buildConfigurations = (
				42935CB2285470B400C4234B /* Debug */,
				42935CB3285470B400C4234B /* Release */,
			);
			defaultConfigurationIsVisible = 0;
			defaultConfigurationName = Release;
		};
/* End XCConfigurationList section */

/* Begin XCRemoteSwiftPackageReference section */
		42943BFA28547ED5008C4AAC /* XCRemoteSwiftPackageReference "SwiftCSV" */ = {
			isa = XCRemoteSwiftPackageReference;
			repositoryURL = "https://github.com/swiftcsv/SwiftCSV.git";
			requirement = {
				kind = upToNextMajorVersion;
				minimumVersion = 0.6.1;
			};
		};
/* End XCRemoteSwiftPackageReference section */

/* Begin XCSwiftPackageProductDependency section */
		42943BFB28547ED5008C4AAC /* SwiftCSV */ = {
			isa = XCSwiftPackageProductDependency;
			package = 42943BFA28547ED5008C4AAC /* XCRemoteSwiftPackageReference "SwiftCSV" */;
			productName = SwiftCSV;
		};
/* End XCSwiftPackageProductDependency section */
	};
	rootObject = 42935C95285470B000C4234B /* Project object */;
}
